
Microsoft Visual Studio Solution File, Format Version 12.00
# Visual Studio Version 17
VisualStudioVersion = 17.11.35303.130
MinimumVisualStudioVersion = 10.0.40219.1
Project("{9A19103F-16F7-4668-BE54-9A1E7A4F7556}") = "ToDoListWPF", "ToDoListWPF\ToDoListWPF.csproj", "{2B20767B-53D3-4832-BD31-282B69AB2C26}"
EndProject
Project("{9A19103F-16F7-4668-BE54-9A1E7A4F7556}") = "ToDoListAPI", "ToDoListAPI\ToDoListAPI.csproj", "{5A1A8B0F-AE75-4CD5-9AA8-33A99086DDE8}"
EndProject
Project("{FAE04EC0-301F-11D3-BF4B-00C04F79EFBC}") = "NUnitTest", "NUnitTest\NUnitTest.csproj", "{99225A01-2456-4F71-8BE8-B271517FCA69}"
EndProject
Global
	GlobalSection(SolutionConfigurationPlatforms) = preSolution
		Debug|Any CPU = Debug|Any CPU
		Release|Any CPU = Release|Any CPU
	EndGlobalSection
	GlobalSection(ProjectConfigurationPlatforms) = postSolution
		{2B20767B-53D3-4832-BD31-282B69AB2C26}.Debug|Any CPU.ActiveCfg = Debug|Any CPU
		{2B20767B-53D3-4832-BD31-282B69AB2C26}.Debug|Any CPU.Build.0 = Debug|Any CPU
		{2B20767B-53D3-4832-BD31-282B69AB2C26}.Release|Any CPU.ActiveCfg = Release|Any CPU
		{2B20767B-53D3-4832-BD31-282B69AB2C26}.Release|Any CPU.Build.0 = Release|Any CPU
		{5A1A8B0F-AE75-4CD5-9AA8-33A99086DDE8}.Debug|Any CPU.ActiveCfg = Debug|Any CPU
		{5A1A8B0F-AE75-4CD5-9AA8-33A99086DDE8}.Debug|Any CPU.Build.0 = Debug|Any CPU
		{5A1A8B0F-AE75-4CD5-9AA8-33A99086DDE8}.Release|Any CPU.ActiveCfg = Release|Any CPU
		{5A1A8B0F-AE75-4CD5-9AA8-33A99086DDE8}.Release|Any CPU.Build.0 = Release|Any CPU
		{99225A01-2456-4F71-8BE8-B271517FCA69}.Debug|Any CPU.ActiveCfg = Debug|Any CPU
		{99225A01-2456-4F71-8BE8-B271517FCA69}.Debug|Any CPU.Build.0 = Debug|Any CPU
		{99225A01-2456-4F71-8BE8-B271517FCA69}.Release|Any CPU.ActiveCfg = Release|Any CPU
		{99225A01-2456-4F71-8BE8-B271517FCA69}.Release|Any CPU.Build.0 = Release|Any CPU
	EndGlobalSection
	GlobalSection(SolutionProperties) = preSolution
		HideSolutionNode = FALSE
	EndGlobalSection
	GlobalSection(ExtensibilityGlobals) = postSolution
		SolutionGuid = {A1418A87-F49E-4F7D-897B-2D50BAC783E6}
	EndGlobalSection
EndGlobal
